
Microsoft Visual Studio Solution File, Format Version 12.00
# Visual Studio Version 16
VisualStudioVersion = 16.0.30204.135
MinimumVisualStudioVersion = 10.0.40219.1
Project("{FAE04EC0-301F-11D3-BF4B-00C04F79EFBC}") = "WebFormsIntroTutorial", "..\WebFormsIntroTutorial\WebFormsIntroTutorial.csproj", "{2FDBD090-1994-4360-B3C9-2692AD4D336B}"
EndProject
Project("{FAE04EC0-301F-11D3-BF4B-00C04F79EFBC}") = "Fees", "..\Fees\Fees.csproj", "{6E3E5F72-5A90-4F4F-A109-CB7D0F2B15F1}"
EndProject
Global
	GlobalSection(SolutionConfigurationPlatforms) = preSolution
		Debug|Any CPU = Debug|Any CPU
		Release|Any CPU = Release|Any CPU
	EndGlobalSection
	GlobalSection(ProjectConfigurationPlatforms) = postSolution
		{2FDBD090-1994-4360-B3C9-2692AD4D336B}.Debug|Any CPU.ActiveCfg = Debug|Any CPU
		{2FDBD090-1994-4360-B3C9-2692AD4D336B}.Debug|Any CPU.Build.0 = Debug|Any CPU
		{2FDBD090-1994-4360-B3C9-2692AD4D336B}.Release|Any CPU.ActiveCfg = Release|Any CPU
		{2FDBD090-1994-4360-B3C9-2692AD4D336B}.Release|Any CPU.Build.0 = Release|Any CPU
		{6E3E5F72-5A90-4F4F-A109-CB7D0F2B15F1}.Debug|Any CPU.ActiveCfg = Debug|Any CPU
		{6E3E5F72-5A90-4F4F-A109-CB7D0F2B15F1}.Debug|Any CPU.Build.0 = Debug|Any CPU
		{6E3E5F72-5A90-4F4F-A109-CB7D0F2B15F1}.Release|Any CPU.ActiveCfg = Release|Any CPU
		{6E3E5F72-5A90-4F4F-A109-CB7D0F2B15F1}.Release|Any CPU.Build.0 = Release|Any CPU
	EndGlobalSection
	GlobalSection(SolutionProperties) = preSolution
		HideSolutionNode = FALSE
	EndGlobalSection
	GlobalSection(ExtensibilityGlobals) = postSolution
		SolutionGuid = {39D7CF39-AC48-4CEC-BF45-B98F17AD1F8B}
	EndGlobalSection
EndGlobal
